// !$*UTF8*$!
{
	archiveVersion = 1;
	classes = {
	};
	objectVersion = 50;
	objects = {

/* Begin PBXBuildFile section */
		D2EA92D3253A329500026B0E /* AppDelegate.swift in Sources */ = {isa = PBXBuildFile; fileRef = D2EA92D2253A329500026B0E /* AppDelegate.swift */; };
		D2EA92D5253A329500026B0E /* SceneDelegate.swift in Sources */ = {isa = PBXBuildFile; fileRef = D2EA92D4253A329500026B0E /* SceneDelegate.swift */; };
		D2EA92D7253A329500026B0E /* FitnessView.swift in Sources */ = {isa = PBXBuildFile; fileRef = D2EA92D6253A329500026B0E /* FitnessView.swift */; };
		D2EA92D9253A329500026B0E /* RecipesView.swift in Sources */ = {isa = PBXBuildFile; fileRef = D2EA92D8253A329500026B0E /* RecipesView.swift */; };
		D2EA92DC253A329500026B0E /* Main.storyboard in Resources */ = {isa = PBXBuildFile; fileRef = D2EA92DA253A329500026B0E /* Main.storyboard */; };
		D2EA92DE253A329500026B0E /* Assets.xcassets in Resources */ = {isa = PBXBuildFile; fileRef = D2EA92DD253A329500026B0E /* Assets.xcassets */; };
		D2EA92E1253A329500026B0E /* LaunchScreen.storyboard in Resources */ = {isa = PBXBuildFile; fileRef = D2EA92DF253A329500026B0E /* LaunchScreen.storyboard */; };
		D2EA92E9253A32D800026B0E /* PantryView.swift in Sources */ = {isa = PBXBuildFile; fileRef = D2EA92E8253A32D800026B0E /* PantryView.swift */; };
		D2EA92EB253A32E900026B0E /* SocialView.swift in Sources */ = {isa = PBXBuildFile; fileRef = D2EA92EA253A32E900026B0E /* SocialView.swift */; };
/* End PBXBuildFile section */

/* Begin PBXFileReference section */
		D2EA92CF253A329500026B0E /* FitHealth+.app */ = {isa = PBXFileReference; explicitFileType = wrapper.application; includeInIndex = 0; path = "FitHealth+.app"; sourceTree = BUILT_PRODUCTS_DIR; };
		D2EA92D2253A329500026B0E /* AppDelegate.swift */ = {isa = PBXFileReference; lastKnownFileType = sourcecode.swift; path = AppDelegate.swift; sourceTree = "<group>"; };
		D2EA92D4253A329500026B0E /* SceneDelegate.swift */ = {isa = PBXFileReference; lastKnownFileType = sourcecode.swift; path = SceneDelegate.swift; sourceTree = "<group>"; };
		D2EA92D6253A329500026B0E /* FitnessView.swift */ = {isa = PBXFileReference; lastKnownFileType = sourcecode.swift; path = FitnessView.swift; sourceTree = "<group>"; };
		D2EA92D8253A329500026B0E /* RecipesView.swift */ = {isa = PBXFileReference; lastKnownFileType = sourcecode.swift; path = RecipesView.swift; sourceTree = "<group>"; };
		D2EA92DB253A329500026B0E /* Base */ = {isa = PBXFileReference; lastKnownFileType = file.storyboard; name = Base; path = Base.lproj/Main.storyboard; sourceTree = "<group>"; };
		D2EA92DD253A329500026B0E /* Assets.xcassets */ = {isa = PBXFileReference; lastKnownFileType = folder.assetcatalog; path = Assets.xcassets; sourceTree = "<group>"; };
		D2EA92E0253A329500026B0E /* Base */ = {isa = PBXFileReference; lastKnownFileType = file.storyboard; name = Base; path = Base.lproj/LaunchScreen.storyboard; sourceTree = "<group>"; };
		D2EA92E2253A329500026B0E /* Info.plist */ = {isa = PBXFileReference; lastKnownFileType = text.plist.xml; path = Info.plist; sourceTree = "<group>"; };
		D2EA92E8253A32D800026B0E /* PantryView.swift */ = {isa = PBXFileReference; lastKnownFileType = sourcecode.swift; path = PantryView.swift; sourceTree = "<group>"; };
		D2EA92EA253A32E900026B0E /* SocialView.swift */ = {isa = PBXFileReference; lastKnownFileType = sourcecode.swift; path = SocialView.swift; sourceTree = "<group>"; };
/* End PBXFileReference section */

/* Begin PBXFrameworksBuildPhase section */
		D2EA92CC253A329500026B0E /* Frameworks */ = {
			isa = PBXFrameworksBuildPhase;
			buildActionMask = 2147483647;
			files = (
			);
			runOnlyForDeploymentPostprocessing = 0;
		};
/* End PBXFrameworksBuildPhase section */

/* Begin PBXGroup section */
		D2EA92C6253A329500026B0E = {
			isa = PBXGroup;
			children = (
				D2EA92D1253A329500026B0E /* FitHealth+ */,
				D2EA92D0253A329500026B0E /* Products */,
			);
			sourceTree = "<group>";
		};
		D2EA92D0253A329500026B0E /* Products */ = {
			isa = PBXGroup;
			children = (
				D2EA92CF253A329500026B0E /* FitHealth+.app */,
			);
			name = Products;
			sourceTree = "<group>";
		};
		D2EA92D1253A329500026B0E /* FitHealth+ */ = {
			isa = PBXGroup;
			children = (
				D2EA92EF253B41E000026B0E /* Pantry */,
				D2EA92ED253B41CB00026B0E /* Recipes */,
				D2EA92EE253B41D900026B0E /* Fitness */,
				D2EA92F0253B41E800026B0E /* Social */,
				D2EA92EC253A451A00026B0E /* Views */,
				D2EA92D2253A329500026B0E /* AppDelegate.swift */,
				D2EA92D4253A329500026B0E /* SceneDelegate.swift */,
				D2EA92DA253A329500026B0E /* Main.storyboard */,
				D2EA92DD253A329500026B0E /* Assets.xcassets */,
				D2EA92DF253A329500026B0E /* LaunchScreen.storyboard */,
				D2EA92E2253A329500026B0E /* Info.plist */,
			);
			path = "FitHealth+";
			sourceTree = "<group>";
		};
		D2EA92EC253A451A00026B0E /* Views */ = {
			isa = PBXGroup;
			children = (
			);
			path = Views;
			sourceTree = "<group>";
		};
		D2EA92ED253B41CB00026B0E /* Recipes */ = {
			isa = PBXGroup;
			children = (
				D2EA92D8253A329500026B0E /* RecipesView.swift */,
			);
			path = Recipes;
			sourceTree = "<group>";
		};
		D2EA92EE253B41D900026B0E /* Fitness */ = {
			isa = PBXGroup;
			children = (
				D2EA92D6253A329500026B0E /* FitnessView.swift */,
			);
			path = Fitness;
			sourceTree = "<group>";
		};
		D2EA92EF253B41E000026B0E /* Pantry */ = {
			isa = PBXGroup;
			children = (
				D2EA92E8253A32D800026B0E /* PantryView.swift */,
			);
			path = Pantry;
			sourceTree = "<group>";
		};
		D2EA92F0253B41E800026B0E /* Social */ = {
			isa = PBXGroup;
			children = (
				D2EA92EA253A32E900026B0E /* SocialView.swift */,
			);
			path = Social;
			sourceTree = "<group>";
		};
/* End PBXGroup section */

/* Begin PBXNativeTarget section */
		D2EA92CE253A329500026B0E /* FitHealth+ */ = {
			isa = PBXNativeTarget;
			buildConfigurationList = D2EA92E5253A329500026B0E /* Build configuration list for PBXNativeTarget "FitHealth+" */;
			buildPhases = (
				D2EA92CB253A329500026B0E /* Sources */,
				D2EA92CC253A329500026B0E /* Frameworks */,
				D2EA92CD253A329500026B0E /* Resources */,
			);
			buildRules = (
			);
			dependencies = (
			);
			name = "FitHealth+";
			productName = "FitHealth+";
			productReference = D2EA92CF253A329500026B0E /* FitHealth+.app */;
			productType = "com.apple.product-type.application";
		};
/* End PBXNativeTarget section */

/* Begin PBXProject section */
		D2EA92C7253A329500026B0E /* Project object */ = {
			isa = PBXProject;
			attributes = {
				LastSwiftUpdateCheck = 1130;
				LastUpgradeCheck = 1130;
				ORGANIZATIONNAME = "xu daitong";
				TargetAttributes = {
					D2EA92CE253A329500026B0E = {
						CreatedOnToolsVersion = 11.3.1;
					};
				};
			};
			buildConfigurationList = D2EA92CA253A329500026B0E /* Build configuration list for PBXProject "FitHealth+" */;
			compatibilityVersion = "Xcode 9.3";
			developmentRegion = en;
			hasScannedForEncodings = 0;
			knownRegions = (
				en,
				Base,
			);
			mainGroup = D2EA92C6253A329500026B0E;
			productRefGroup = D2EA92D0253A329500026B0E /* Products */;
			projectDirPath = "";
			projectRoot = "";
			targets = (
				D2EA92CE253A329500026B0E /* FitHealth+ */,
			);
		};
/* End PBXProject section */

/* Begin PBXResourcesBuildPhase section */
		D2EA92CD253A329500026B0E /* Resources */ = {
			isa = PBXResourcesBuildPhase;
			buildActionMask = 2147483647;
			files = (
				D2EA92E1253A329500026B0E /* LaunchScreen.storyboard in Resources */,
				D2EA92DE253A329500026B0E /* Assets.xcassets in Resources */,
				D2EA92DC253A329500026B0E /* Main.storyboard in Resources */,
			);
			runOnlyForDeploymentPostprocessing = 0;
		};
/* End PBXResourcesBuildPhase section */

/* Begin PBXSourcesBuildPhase section */
		D2EA92CB253A329500026B0E /* Sources */ = {
			isa = PBXSourcesBuildPhase;
			buildActionMask = 2147483647;
			files = (
				D2EA92EB253A32E900026B0E /* SocialView.swift in Sources */,
				D2EA92D9253A329500026B0E /* RecipesView.swift in Sources */,
				D2EA92D7253A329500026B0E /* FitnessView.swift in Sources */,
				D2EA92E9253A32D800026B0E /* PantryView.swift in Sources */,
				D2EA92D3253A329500026B0E /* AppDelegate.swift in Sources */,
				D2EA92D5253A329500026B0E /* SceneDelegate.swift in Sources */,
			);
			runOnlyForDeploymentPostprocessing = 0;
		};
/* End PBXSourcesBuildPhase section */

/* Begin PBXVariantGroup section */
		D2EA92DA253A329500026B0E /* Main.storyboard */ = {
			isa = PBXVariantGroup;
			children = (
				D2EA92DB253A329500026B0E /* Base */,
			);
			name = Main.storyboard;
			sourceTree = "<group>";
		};
		D2EA92DF253A329500026B0E /* LaunchScreen.storyboard */ = {
			isa = PBXVariantGroup;
			children = (
				D2EA92E0253A329500026B0E /* Base */,
			);
			name = LaunchScreen.storyboard;
			sourceTree = "<group>";
		};
/* End PBXVariantGroup section */

/* Begin XCBuildConfiguration section */
		D2EA92E3253A329500026B0E /* Debug */ = {
			isa = XCBuildConfiguration;
			buildSettings = {
				ALWAYS_SEARCH_USER_PATHS = NO;
				CLANG_ANALYZER_NONNULL = YES;
				CLANG_ANALYZER_NUMBER_OBJECT_CONVERSION = YES_AGGRESSIVE;
				CLANG_CXX_LANGUAGE_STANDARD = "gnu++14";
				CLANG_CXX_LIBRARY = "libc++";
				CLANG_ENABLE_MODULES = YES;
				CLANG_ENABLE_OBJC_ARC = YES;
				CLANG_ENABLE_OBJC_WEAK = YES;
				CLANG_WARN_BLOCK_CAPTURE_AUTORELEASING = YES;
				CLANG_WARN_BOOL_CONVERSION = YES;
				CLANG_WARN_COMMA = YES;
				CLANG_WARN_CONSTANT_CONVERSION = YES;
				CLANG_WARN_DEPRECATED_OBJC_IMPLEMENTATIONS = YES;
				CLANG_WARN_DIRECT_OBJC_ISA_USAGE = YES_ERROR;
				CLANG_WARN_DOCUMENTATION_COMMENTS = YES;
				CLANG_WARN_EMPTY_BODY = YES;
				CLANG_WARN_ENUM_CONVERSION = YES;
				CLANG_WARN_INFINITE_RECURSION = YES;
				CLANG_WARN_INT_CONVERSION = YES;
				CLANG_WARN_NON_LITERAL_NULL_CONVERSION = YES;
				CLANG_WARN_OBJC_IMPLICIT_RETAIN_SELF = YES;
				CLANG_WARN_OBJC_LITERAL_CONVERSION = YES;
				CLANG_WARN_OBJC_ROOT_CLASS = YES_ERROR;
				CLANG_WARN_RANGE_LOOP_ANALYSIS = YES;
				CLANG_WARN_STRICT_PROTOTYPES = YES;
				CLANG_WARN_SUSPICIOUS_MOVE = YES;
				CLANG_WARN_UNGUARDED_AVAILABILITY = YES_AGGRESSIVE;
				CLANG_WARN_UNREACHABLE_CODE = YES;
				CLANG_WARN__DUPLICATE_METHOD_MATCH = YES;
				COPY_PHASE_STRIP = NO;
				DEBUG_INFORMATION_FORMAT = dwarf;
				ENABLE_STRICT_OBJC_MSGSEND = YES;
				ENABLE_TESTABILITY = YES;
				GCC_C_LANGUAGE_STANDARD = gnu11;
				GCC_DYNAMIC_NO_PIC = NO;
				GCC_NO_COMMON_BLOCKS = YES;
				GCC_OPTIMIZATION_LEVEL = 0;
				GCC_PREPROCESSOR_DEFINITIONS = (
					"DEBUG=1",
					"$(inherited)",
				);
				GCC_WARN_64_TO_32_BIT_CONVERSION = YES;
				GCC_WARN_ABOUT_RETURN_TYPE = YES_ERROR;
				GCC_WARN_UNDECLARED_SELECTOR = YES;
				GCC_WARN_UNINITIALIZED_AUTOS = YES_AGGRESSIVE;
				GCC_WARN_UNUSED_FUNCTION = YES;
				GCC_WARN_UNUSED_VARIABLE = YES;
				IPHONEOS_DEPLOYMENT_TARGET = 13.2;
				MTL_ENABLE_DEBUG_INFO = INCLUDE_SOURCE;
				MTL_FAST_MATH = YES;
				ONLY_ACTIVE_ARCH = YES;
				SDKROOT = iphoneos;
				SWIFT_ACTIVE_COMPILATION_CONDITIONS = DEBUG;
				SWIFT_OPTIMIZATION_LEVEL = "-Onone";
			};
			name = Debug;
		};
		D2EA92E4253A329500026B0E /* Release */ = {
			isa = XCBuildConfiguration;
			buildSettings = {
				ALWAYS_SEARCH_USER_PATHS = NO;
				CLANG_ANALYZER_NONNULL = YES;
				CLANG_ANALYZER_NUMBER_OBJECT_CONVERSION = YES_AGGRESSIVE;
				CLANG_CXX_LANGUAGE_STANDARD = "gnu++14";
				CLANG_CXX_LIBRARY = "libc++";
				CLANG_ENABLE_MODULES = YES;
				CLANG_ENABLE_OBJC_ARC = YES;
				CLANG_ENABLE_OBJC_WEAK = YES;
				CLANG_WARN_BLOCK_CAPTURE_AUTORELEASING = YES;
				CLANG_WARN_BOOL_CONVERSION = YES;
				CLANG_WARN_COMMA = YES;
				CLANG_WARN_CONSTANT_CONVERSION = YES;
				CLANG_WARN_DEPRECATED_OBJC_IMPLEMENTATIONS = YES;
				CLANG_WARN_DIRECT_OBJC_ISA_USAGE = YES_ERROR;
				CLANG_WARN_DOCUMENTATION_COMMENTS = YES;
				CLANG_WARN_EMPTY_BODY = YES;
				CLANG_WARN_ENUM_CONVERSION = YES;
				CLANG_WARN_INFINITE_RECURSION = YES;
				CLANG_WARN_INT_CONVERSION = YES;
				CLANG_WARN_NON_LITERAL_NULL_CONVERSION = YES;
				CLANG_WARN_OBJC_IMPLICIT_RETAIN_SELF = YES;
				CLANG_WARN_OBJC_LITERAL_CONVERSION = YES;
				CLANG_WARN_OBJC_ROOT_CLASS = YES_ERROR;
				CLANG_WARN_RANGE_LOOP_ANALYSIS = YES;
				CLANG_WARN_STRICT_PROTOTYPES = YES;
				CLANG_WARN_SUSPICIOUS_MOVE = YES;
				CLANG_WARN_UNGUARDED_AVAILABILITY = YES_AGGRESSIVE;
				CLANG_WARN_UNREACHABLE_CODE = YES;
				CLANG_WARN__DUPLICATE_METHOD_MATCH = YES;
				COPY_PHASE_STRIP = NO;
				DEBUG_INFORMATION_FORMAT = "dwarf-with-dsym";
				ENABLE_NS_ASSERTIONS = NO;
				ENABLE_STRICT_OBJC_MSGSEND = YES;
				GCC_C_LANGUAGE_STANDARD = gnu11;
				GCC_NO_COMMON_BLOCKS = YES;
				GCC_WARN_64_TO_32_BIT_CONVERSION = YES;
				GCC_WARN_ABOUT_RETURN_TYPE = YES_ERROR;
				GCC_WARN_UNDECLARED_SELECTOR = YES;
				GCC_WARN_UNINITIALIZED_AUTOS = YES_AGGRESSIVE;
				GCC_WARN_UNUSED_FUNCTION = YES;
				GCC_WARN_UNUSED_VARIABLE = YES;
				IPHONEOS_DEPLOYMENT_TARGET = 13.2;
				MTL_ENABLE_DEBUG_INFO = NO;
				MTL_FAST_MATH = YES;
				SDKROOT = iphoneos;
				SWIFT_COMPILATION_MODE = wholemodule;
				SWIFT_OPTIMIZATION_LEVEL = "-O";
				VALIDATE_PRODUCT = YES;
			};
			name = Release;
		};
		D2EA92E6253A329500026B0E /* Debug */ = {
			isa = XCBuildConfiguration;
			buildSettings = {
				ASSETCATALOG_COMPILER_APPICON_NAME = AppIcon;
				CODE_SIGN_STYLE = Automatic;
				DEVELOPMENT_TEAM = HB95WRYDFW;
				INFOPLIST_FILE = "FitHealth+/Info.plist";
				LD_RUNPATH_SEARCH_PATHS = (
					"$(inherited)",
					"@executable_path/Frameworks",
				);
				PRODUCT_BUNDLE_IDENTIFIER = "com.daitongxu.FitHealth-";
				PRODUCT_NAME = "$(TARGET_NAME)";
				SWIFT_VERSION = 5.0;
				TARGETED_DEVICE_FAMILY = "1,2";
			};
			name = Debug;
		};
		D2EA92E7253A329500026B0E /* Release */ = {
			isa = XCBuildConfiguration;
			buildSettings = {
				ASSETCATALOG_COMPILER_APPICON_NAME = AppIcon;
				CODE_SIGN_STYLE = Automatic;
				DEVELOPMENT_TEAM = HB95WRYDFW;
				INFOPLIST_FILE = "FitHealth+/Info.plist";
				LD_RUNPATH_SEARCH_PATHS = (
					"$(inherited)",
					"@executable_path/Frameworks",
				);
				PRODUCT_BUNDLE_IDENTIFIER = "com.daitongxu.FitHealth-";
				PRODUCT_NAME = "$(TARGET_NAME)";
				SWIFT_VERSION = 5.0;
				TARGETED_DEVICE_FAMILY = "1,2";
			};
			name = Release;
		};
/* End XCBuildConfiguration section */

/* Begin XCConfigurationList section */
		D2EA92CA253A329500026B0E /* Build configuration list for PBXProject "FitHealth+" */ = {
			isa = XCConfigurationList;
			buildConfigurations = (
				D2EA92E3253A329500026B0E /* Debug */,
				D2EA92E4253A329500026B0E /* Release */,
			);
			defaultConfigurationIsVisible = 0;
			defaultConfigurationName = Release;
		};
		D2EA92E5253A329500026B0E /* Build configuration list for PBXNativeTarget "FitHealth+" */ = {
			isa = XCConfigurationList;
			buildConfigurations = (
				D2EA92E6253A329500026B0E /* Debug */,
				D2EA92E7253A329500026B0E /* Release */,
			);
			defaultConfigurationIsVisible = 0;
			defaultConfigurationName = Release;
		};
/* End XCConfigurationList section */
	};
	rootObject = D2EA92C7253A329500026B0E /* Project object */;
}
