// !$*UTF8*$!
{
	archiveVersion = 1;
	classes = {
	};
	objectVersion = 54;
	objects = {

/* Begin PBXBuildFile section */
		12E8367D8663FC05C8896F63 /* Pods_FitHealthPlus.framework in Frameworks */ = {isa = PBXBuildFile; fileRef = E6BC0832F650901A61B61C76 /* Pods_FitHealthPlus.framework */; };
		9816343B2540C53500546A9E /* BarcodeScannerViewController.swift in Sources */ = {isa = PBXBuildFile; fileRef = 9816343A2540C53500546A9E /* BarcodeScannerViewController.swift */; };
		9816343D2540D82D00546A9E /* EditPantryItemViewController.swift in Sources */ = {isa = PBXBuildFile; fileRef = 9816343C2540D82D00546A9E /* EditPantryItemViewController.swift */; };
		98530BBF253F9C9800D93F88 /* PantryListViewController.swift in Sources */ = {isa = PBXBuildFile; fileRef = 98530BBE253F9C9800D93F88 /* PantryListViewController.swift */; };
		98530BC1253F9F6A00D93F88 /* PantryItemShowDetailViewController.swift in Sources */ = {isa = PBXBuildFile; fileRef = 98530BC0253F9F6A00D93F88 /* PantryItemShowDetailViewController.swift */; };
		985B0335257DC74B0095C45D /* ShowRecipeDetailsViewController.swift in Sources */ = {isa = PBXBuildFile; fileRef = 985B0334257DC74B0095C45D /* ShowRecipeDetailsViewController.swift */; };
		985B033925805C910095C45D /* RecipeSearchViewController.swift in Sources */ = {isa = PBXBuildFile; fileRef = 985B033825805C910095C45D /* RecipeSearchViewController.swift */; };
		9877101D2572C4F800921AC7 /* RecipeMainViewController.swift in Sources */ = {isa = PBXBuildFile; fileRef = 9877101C2572C4F800921AC7 /* RecipeMainViewController.swift */; };
		987710C62579A50400921AC7 /* recipeAPI.swift in Sources */ = {isa = PBXBuildFile; fileRef = 987710C52579A50400921AC7 /* recipeAPI.swift */; };
		D2064A5E2562C5DC008BF665 /* FriendsNetwork.swift in Sources */ = {isa = PBXBuildFile; fileRef = D2064A5D2562C5DC008BF665 /* FriendsNetwork.swift */; };
		D21D56EE2565C0240076FD4E /* HealthKit.framework in Frameworks */ = {isa = PBXBuildFile; fileRef = D21D56ED2565C0240076FD4E /* HealthKit.framework */; };
		D21D56F02565CE790076FD4E /* ActivityData.swift in Sources */ = {isa = PBXBuildFile; fileRef = D21D56EF2565CE790076FD4E /* ActivityData.swift */; };
		D228A603254343A800D66ED3 /* RecipeDetailTableViewCell.swift in Sources */ = {isa = PBXBuildFile; fileRef = D228A601254343A800D66ED3 /* RecipeDetailTableViewCell.swift */; };
		D228A604254343A800D66ED3 /* RecipeDetailTableViewCell.xib in Resources */ = {isa = PBXBuildFile; fileRef = D228A602254343A800D66ED3 /* RecipeDetailTableViewCell.xib */; };
		D23058A0253CCEB30013B64C /* LeaderboardViewController.swift in Sources */ = {isa = PBXBuildFile; fileRef = D230589F253CCEB30013B64C /* LeaderboardViewController.swift */; };
		D23058A3253CD6780013B64C /* WelcomePageViewController.swift in Sources */ = {isa = PBXBuildFile; fileRef = D23058A2253CD6780013B64C /* WelcomePageViewController.swift */; };
		D23058A5253CD8540013B64C /* LoginViewController.swift in Sources */ = {isa = PBXBuildFile; fileRef = D23058A4253CD8540013B64C /* LoginViewController.swift */; };
		D23058A7253CD8680013B64C /* SignUpViewContoller.swift in Sources */ = {isa = PBXBuildFile; fileRef = D23058A6253CD8680013B64C /* SignUpViewContoller.swift */; };
		D23058AF253CE1060013B64C /* AddFriendViewController.swift in Sources */ = {isa = PBXBuildFile; fileRef = D23058AE253CE1060013B64C /* AddFriendViewController.swift */; };
		D24D42B02566EE2B0034EE40 /* ActivityNetwork.swift in Sources */ = {isa = PBXBuildFile; fileRef = D24D42AF2566EE2B0034EE40 /* ActivityNetwork.swift */; };
		D24D42B32567059D0034EE40 /* FitGoal.swift in Sources */ = {isa = PBXBuildFile; fileRef = D24D42B22567059D0034EE40 /* FitGoal.swift */; };
		D251DEA5254060AB006E7862 /* PantryItemList.swift in Sources */ = {isa = PBXBuildFile; fileRef = D251DEA4254060AB006E7862 /* PantryItemList.swift */; };
		D268DD032550C669000A320D /* GoogleService-Info.plist in Resources */ = {isa = PBXBuildFile; fileRef = D268DD022550C669000A320D /* GoogleService-Info.plist */; };
		D26A6009253F7D4A00A21006 /* ProfileViewController.swift in Sources */ = {isa = PBXBuildFile; fileRef = D26A6008253F7D4A00A21006 /* ProfileViewController.swift */; };
		D270A096254321FE00443769 /* WorkoutGuideViewController.swift in Sources */ = {isa = PBXBuildFile; fileRef = D270A095254321FE00443769 /* WorkoutGuideViewController.swift */; };
		D270A09C254339C900443769 /* RecipeDetailVeiwController.swift in Sources */ = {isa = PBXBuildFile; fileRef = D270A09B254339C900443769 /* RecipeDetailVeiwController.swift */; };
		D2912C2E253E59AC0061EC01 /* NewFriendProfileViewController.swift in Sources */ = {isa = PBXBuildFile; fileRef = D2912C2D253E59AC0061EC01 /* NewFriendProfileViewController.swift */; };
		D29262DB255E3A330092D0B3 /* UsersData.swift in Sources */ = {isa = PBXBuildFile; fileRef = D29262DA255E3A330092D0B3 /* UsersData.swift */; };
		D29262DE255E47730092D0B3 /* FriendsData.swift in Sources */ = {isa = PBXBuildFile; fileRef = D29262DD255E47730092D0B3 /* FriendsData.swift */; };
		D29262E4256072BB0092D0B3 /* DataModel.xcdatamodeld in Sources */ = {isa = PBXBuildFile; fileRef = D29262E2256072BB0092D0B3 /* DataModel.xcdatamodeld */; };
		D29919302560A6480000DB04 /* Constants.swift in Sources */ = {isa = PBXBuildFile; fileRef = D299192F2560A6480000DB04 /* Constants.swift */; };
		D2ADC577256484AD009717F9 /* CurrentUserViewController.swift in Sources */ = {isa = PBXBuildFile; fileRef = D2ADC576256484AD009717F9 /* CurrentUserViewController.swift */; };
		D2AE1CC32567702F004A6D0A /* Friend.swift in Sources */ = {isa = PBXBuildFile; fileRef = D2AE1CC22567702F004A6D0A /* Friend.swift */; };
		D2D546262542442500EA0C1E /* AddRecipeViewController.swift in Sources */ = {isa = PBXBuildFile; fileRef = D2D546252542442500EA0C1E /* AddRecipeViewController.swift */; };
		D2D54628254244D800EA0C1E /* MyRecipesViewController.swift in Sources */ = {isa = PBXBuildFile; fileRef = D2D54627254244D800EA0C1E /* MyRecipesViewController.swift */; };
		D2DB12732540BE89005DFF65 /* StatsBar.swift in Sources */ = {isa = PBXBuildFile; fileRef = D2DB12712540BE89005DFF65 /* StatsBar.swift */; };
		D2DB12742540BE89005DFF65 /* StatsBar.xib in Resources */ = {isa = PBXBuildFile; fileRef = D2DB12722540BE89005DFF65 /* StatsBar.xib */; };
		D2DB12772540C8CE005DFF65 /* workoutCell.swift in Sources */ = {isa = PBXBuildFile; fileRef = D2DB12752540C8CE005DFF65 /* workoutCell.swift */; };
		D2DB12782540C8CE005DFF65 /* workoutCell.xib in Resources */ = {isa = PBXBuildFile; fileRef = D2DB12762540C8CE005DFF65 /* workoutCell.xib */; };
		D2DB127A2540DBF7005DFF65 /* FitnessGoalViewController.swift in Sources */ = {isa = PBXBuildFile; fileRef = D2DB12792540DBF7005DFF65 /* FitnessGoalViewController.swift */; };
		D2DB127D2540DCB7005DFF65 /* FitnessGoalTableViewCell.swift in Sources */ = {isa = PBXBuildFile; fileRef = D2DB127B2540DCB7005DFF65 /* FitnessGoalTableViewCell.swift */; };
		D2DB127E2540DCB7005DFF65 /* FitnessGoalTableViewCell.xib in Resources */ = {isa = PBXBuildFile; fileRef = D2DB127C2540DCB7005DFF65 /* FitnessGoalTableViewCell.xib */; };
		D2EA92D3253A329500026B0E /* AppDelegate.swift in Sources */ = {isa = PBXBuildFile; fileRef = D2EA92D2253A329500026B0E /* AppDelegate.swift */; };
		D2EA92D5253A329500026B0E /* SceneDelegate.swift in Sources */ = {isa = PBXBuildFile; fileRef = D2EA92D4253A329500026B0E /* SceneDelegate.swift */; };
		D2EA92D7253A329500026B0E /* FitnessViewController.swift in Sources */ = {isa = PBXBuildFile; fileRef = D2EA92D6253A329500026B0E /* FitnessViewController.swift */; };
		D2EA92D9253A329500026B0E /* RecipesViewController.swift in Sources */ = {isa = PBXBuildFile; fileRef = D2EA92D8253A329500026B0E /* RecipesViewController.swift */; };
		D2EA92DC253A329500026B0E /* Main.storyboard in Resources */ = {isa = PBXBuildFile; fileRef = D2EA92DA253A329500026B0E /* Main.storyboard */; };
		D2EA92DE253A329500026B0E /* Assets.xcassets in Resources */ = {isa = PBXBuildFile; fileRef = D2EA92DD253A329500026B0E /* Assets.xcassets */; };
		D2EA92E1253A329500026B0E /* LaunchScreen.storyboard in Resources */ = {isa = PBXBuildFile; fileRef = D2EA92DF253A329500026B0E /* LaunchScreen.storyboard */; };
		D2EA92E9253A32D800026B0E /* PantryViewController.swift in Sources */ = {isa = PBXBuildFile; fileRef = D2EA92E8253A32D800026B0E /* PantryViewController.swift */; };
		D2EA92EB253A32E900026B0E /* SocialViewController.swift in Sources */ = {isa = PBXBuildFile; fileRef = D2EA92EA253A32E900026B0E /* SocialViewController.swift */; };
		EE4BF1422567D81500012F22 /* recipeObj.swift in Sources */ = {isa = PBXBuildFile; fileRef = EE4BF1412567D81500012F22 /* recipeObj.swift */; };
		EE4C460025683E1500793AA0 /* EditRecipeViewController.swift in Sources */ = {isa = PBXBuildFile; fileRef = EE4C45FF25683E1500793AA0 /* EditRecipeViewController.swift */; };
/* End PBXBuildFile section */

/* Begin PBXFileReference section */
		4A4D69B8BDAD71EB8EDBD95E /* Pods-FitHealthPlus.release.xcconfig */ = {isa = PBXFileReference; includeInIndex = 1; lastKnownFileType = text.xcconfig; name = "Pods-FitHealthPlus.release.xcconfig"; path = "Target Support Files/Pods-FitHealthPlus/Pods-FitHealthPlus.release.xcconfig"; sourceTree = "<group>"; };
		9816343A2540C53500546A9E /* BarcodeScannerViewController.swift */ = {isa = PBXFileReference; lastKnownFileType = sourcecode.swift; path = BarcodeScannerViewController.swift; sourceTree = "<group>"; };
		9816343C2540D82D00546A9E /* EditPantryItemViewController.swift */ = {isa = PBXFileReference; lastKnownFileType = sourcecode.swift; path = EditPantryItemViewController.swift; sourceTree = "<group>"; };
		98530BBE253F9C9800D93F88 /* PantryListViewController.swift */ = {isa = PBXFileReference; lastKnownFileType = sourcecode.swift; path = PantryListViewController.swift; sourceTree = "<group>"; };
		98530BC0253F9F6A00D93F88 /* PantryItemShowDetailViewController.swift */ = {isa = PBXFileReference; lastKnownFileType = sourcecode.swift; path = PantryItemShowDetailViewController.swift; sourceTree = "<group>"; };
		985B0334257DC74B0095C45D /* ShowRecipeDetailsViewController.swift */ = {isa = PBXFileReference; lastKnownFileType = sourcecode.swift; path = ShowRecipeDetailsViewController.swift; sourceTree = "<group>"; };
		985B033825805C910095C45D /* RecipeSearchViewController.swift */ = {isa = PBXFileReference; lastKnownFileType = sourcecode.swift; path = RecipeSearchViewController.swift; sourceTree = "<group>"; };
		9877101C2572C4F800921AC7 /* RecipeMainViewController.swift */ = {isa = PBXFileReference; lastKnownFileType = sourcecode.swift; path = RecipeMainViewController.swift; sourceTree = "<group>"; };
		987710C52579A50400921AC7 /* recipeAPI.swift */ = {isa = PBXFileReference; fileEncoding = 4; lastKnownFileType = sourcecode.swift; path = recipeAPI.swift; sourceTree = "<group>"; };
		D2064A5D2562C5DC008BF665 /* FriendsNetwork.swift */ = {isa = PBXFileReference; lastKnownFileType = sourcecode.swift; path = FriendsNetwork.swift; sourceTree = "<group>"; };
		D21D56EC2565C0230076FD4E /* FitHealthPlus.entitlements */ = {isa = PBXFileReference; lastKnownFileType = text.plist.entitlements; path = FitHealthPlus.entitlements; sourceTree = "<group>"; };
		D21D56ED2565C0240076FD4E /* HealthKit.framework */ = {isa = PBXFileReference; lastKnownFileType = wrapper.framework; name = HealthKit.framework; path = System/Library/Frameworks/HealthKit.framework; sourceTree = SDKROOT; };
		D21D56EF2565CE790076FD4E /* ActivityData.swift */ = {isa = PBXFileReference; lastKnownFileType = sourcecode.swift; path = ActivityData.swift; sourceTree = "<group>"; };
		D228A601254343A800D66ED3 /* RecipeDetailTableViewCell.swift */ = {isa = PBXFileReference; lastKnownFileType = sourcecode.swift; path = RecipeDetailTableViewCell.swift; sourceTree = "<group>"; };
		D228A602254343A800D66ED3 /* RecipeDetailTableViewCell.xib */ = {isa = PBXFileReference; lastKnownFileType = file.xib; path = RecipeDetailTableViewCell.xib; sourceTree = "<group>"; };
		D230589F253CCEB30013B64C /* LeaderboardViewController.swift */ = {isa = PBXFileReference; lastKnownFileType = sourcecode.swift; path = LeaderboardViewController.swift; sourceTree = "<group>"; };
		D23058A2253CD6780013B64C /* WelcomePageViewController.swift */ = {isa = PBXFileReference; lastKnownFileType = sourcecode.swift; path = WelcomePageViewController.swift; sourceTree = "<group>"; };
		D23058A4253CD8540013B64C /* LoginViewController.swift */ = {isa = PBXFileReference; lastKnownFileType = sourcecode.swift; path = LoginViewController.swift; sourceTree = "<group>"; };
		D23058A6253CD8680013B64C /* SignUpViewContoller.swift */ = {isa = PBXFileReference; lastKnownFileType = sourcecode.swift; path = SignUpViewContoller.swift; sourceTree = "<group>"; };
		D23058AE253CE1060013B64C /* AddFriendViewController.swift */ = {isa = PBXFileReference; lastKnownFileType = sourcecode.swift; path = AddFriendViewController.swift; sourceTree = "<group>"; };
		D24D42AF2566EE2B0034EE40 /* ActivityNetwork.swift */ = {isa = PBXFileReference; lastKnownFileType = sourcecode.swift; path = ActivityNetwork.swift; sourceTree = "<group>"; };
		D24D42B22567059D0034EE40 /* FitGoal.swift */ = {isa = PBXFileReference; lastKnownFileType = sourcecode.swift; path = FitGoal.swift; sourceTree = "<group>"; };
		D251DEA4254060AB006E7862 /* PantryItemList.swift */ = {isa = PBXFileReference; lastKnownFileType = sourcecode.swift; path = PantryItemList.swift; sourceTree = "<group>"; };
		D268DD022550C669000A320D /* GoogleService-Info.plist */ = {isa = PBXFileReference; fileEncoding = 4; lastKnownFileType = text.plist.xml; path = "GoogleService-Info.plist"; sourceTree = "<group>"; };
		D26A6008253F7D4A00A21006 /* ProfileViewController.swift */ = {isa = PBXFileReference; lastKnownFileType = sourcecode.swift; path = ProfileViewController.swift; sourceTree = "<group>"; };
		D270A095254321FE00443769 /* WorkoutGuideViewController.swift */ = {isa = PBXFileReference; lastKnownFileType = sourcecode.swift; path = WorkoutGuideViewController.swift; sourceTree = "<group>"; };
		D270A09B254339C900443769 /* RecipeDetailVeiwController.swift */ = {isa = PBXFileReference; lastKnownFileType = sourcecode.swift; path = RecipeDetailVeiwController.swift; sourceTree = "<group>"; };
		D2912C2D253E59AC0061EC01 /* NewFriendProfileViewController.swift */ = {isa = PBXFileReference; lastKnownFileType = sourcecode.swift; path = NewFriendProfileViewController.swift; sourceTree = "<group>"; };
		D29262DA255E3A330092D0B3 /* UsersData.swift */ = {isa = PBXFileReference; lastKnownFileType = sourcecode.swift; path = UsersData.swift; sourceTree = "<group>"; };
		D29262DD255E47730092D0B3 /* FriendsData.swift */ = {isa = PBXFileReference; lastKnownFileType = sourcecode.swift; path = FriendsData.swift; sourceTree = "<group>"; };
		D29262E3256072BB0092D0B3 /* DataModel.xcdatamodel */ = {isa = PBXFileReference; lastKnownFileType = wrapper.xcdatamodel; path = DataModel.xcdatamodel; sourceTree = "<group>"; };
		D299192F2560A6480000DB04 /* Constants.swift */ = {isa = PBXFileReference; lastKnownFileType = sourcecode.swift; path = Constants.swift; sourceTree = "<group>"; };
		D2ADC576256484AD009717F9 /* CurrentUserViewController.swift */ = {isa = PBXFileReference; lastKnownFileType = sourcecode.swift; path = CurrentUserViewController.swift; sourceTree = "<group>"; };
		D2AE1CC22567702F004A6D0A /* Friend.swift */ = {isa = PBXFileReference; lastKnownFileType = sourcecode.swift; path = Friend.swift; sourceTree = "<group>"; };
		D2D546252542442500EA0C1E /* AddRecipeViewController.swift */ = {isa = PBXFileReference; lastKnownFileType = sourcecode.swift; path = AddRecipeViewController.swift; sourceTree = "<group>"; };
		D2D54627254244D800EA0C1E /* MyRecipesViewController.swift */ = {isa = PBXFileReference; lastKnownFileType = sourcecode.swift; path = MyRecipesViewController.swift; sourceTree = "<group>"; };
		D2DB12712540BE89005DFF65 /* StatsBar.swift */ = {isa = PBXFileReference; lastKnownFileType = sourcecode.swift; path = StatsBar.swift; sourceTree = "<group>"; };
		D2DB12722540BE89005DFF65 /* StatsBar.xib */ = {isa = PBXFileReference; lastKnownFileType = file.xib; path = StatsBar.xib; sourceTree = "<group>"; };
		D2DB12752540C8CE005DFF65 /* workoutCell.swift */ = {isa = PBXFileReference; lastKnownFileType = sourcecode.swift; path = workoutCell.swift; sourceTree = "<group>"; };
		D2DB12762540C8CE005DFF65 /* workoutCell.xib */ = {isa = PBXFileReference; lastKnownFileType = file.xib; path = workoutCell.xib; sourceTree = "<group>"; };
		D2DB12792540DBF7005DFF65 /* FitnessGoalViewController.swift */ = {isa = PBXFileReference; lastKnownFileType = sourcecode.swift; path = FitnessGoalViewController.swift; sourceTree = "<group>"; };
		D2DB127B2540DCB7005DFF65 /* FitnessGoalTableViewCell.swift */ = {isa = PBXFileReference; lastKnownFileType = sourcecode.swift; path = FitnessGoalTableViewCell.swift; sourceTree = "<group>"; };
		D2DB127C2540DCB7005DFF65 /* FitnessGoalTableViewCell.xib */ = {isa = PBXFileReference; lastKnownFileType = file.xib; path = FitnessGoalTableViewCell.xib; sourceTree = "<group>"; };
		D2EA92CF253A329500026B0E /* FitHealthPlus.app */ = {isa = PBXFileReference; explicitFileType = wrapper.application; includeInIndex = 0; path = FitHealthPlus.app; sourceTree = BUILT_PRODUCTS_DIR; };
		D2EA92D2253A329500026B0E /* AppDelegate.swift */ = {isa = PBXFileReference; lastKnownFileType = sourcecode.swift; path = AppDelegate.swift; sourceTree = "<group>"; };
		D2EA92D4253A329500026B0E /* SceneDelegate.swift */ = {isa = PBXFileReference; lastKnownFileType = sourcecode.swift; path = SceneDelegate.swift; sourceTree = "<group>"; };
		D2EA92D6253A329500026B0E /* FitnessViewController.swift */ = {isa = PBXFileReference; lastKnownFileType = sourcecode.swift; path = FitnessViewController.swift; sourceTree = "<group>"; };
		D2EA92D8253A329500026B0E /* RecipesViewController.swift */ = {isa = PBXFileReference; lastKnownFileType = sourcecode.swift; path = RecipesViewController.swift; sourceTree = "<group>"; };
		D2EA92DB253A329500026B0E /* Base */ = {isa = PBXFileReference; lastKnownFileType = file.storyboard; name = Base; path = Base.lproj/Main.storyboard; sourceTree = "<group>"; };
		D2EA92DD253A329500026B0E /* Assets.xcassets */ = {isa = PBXFileReference; lastKnownFileType = folder.assetcatalog; path = Assets.xcassets; sourceTree = "<group>"; };
		D2EA92E0253A329500026B0E /* Base */ = {isa = PBXFileReference; lastKnownFileType = file.storyboard; name = Base; path = Base.lproj/LaunchScreen.storyboard; sourceTree = "<group>"; };
		D2EA92E2253A329500026B0E /* Info.plist */ = {isa = PBXFileReference; lastKnownFileType = text.plist.xml; path = Info.plist; sourceTree = "<group>"; };
		D2EA92E8253A32D800026B0E /* PantryViewController.swift */ = {isa = PBXFileReference; lastKnownFileType = sourcecode.swift; path = PantryViewController.swift; sourceTree = "<group>"; };
		D2EA92EA253A32E900026B0E /* SocialViewController.swift */ = {isa = PBXFileReference; lastKnownFileType = sourcecode.swift; path = SocialViewController.swift; sourceTree = "<group>"; };
		E6BC0832F650901A61B61C76 /* Pods_FitHealthPlus.framework */ = {isa = PBXFileReference; explicitFileType = wrapper.framework; includeInIndex = 0; path = Pods_FitHealthPlus.framework; sourceTree = BUILT_PRODUCTS_DIR; };
		EA28C4593F5A80E361BC599C /* Pods-FitHealthPlus.debug.xcconfig */ = {isa = PBXFileReference; includeInIndex = 1; lastKnownFileType = text.xcconfig; name = "Pods-FitHealthPlus.debug.xcconfig"; path = "Target Support Files/Pods-FitHealthPlus/Pods-FitHealthPlus.debug.xcconfig"; sourceTree = "<group>"; };
		EE4BF1412567D81500012F22 /* recipeObj.swift */ = {isa = PBXFileReference; lastKnownFileType = sourcecode.swift; path = recipeObj.swift; sourceTree = "<group>"; };
		EE4C45FF25683E1500793AA0 /* EditRecipeViewController.swift */ = {isa = PBXFileReference; lastKnownFileType = sourcecode.swift; path = EditRecipeViewController.swift; sourceTree = "<group>"; };
/* End PBXFileReference section */

/* Begin PBXFrameworksBuildPhase section */
		D2EA92CC253A329500026B0E /* Frameworks */ = {
			isa = PBXFrameworksBuildPhase;
			buildActionMask = 2147483647;
			files = (
				D21D56EE2565C0240076FD4E /* HealthKit.framework in Frameworks */,
				12E8367D8663FC05C8896F63 /* Pods_FitHealthPlus.framework in Frameworks */,
			);
			runOnlyForDeploymentPostprocessing = 0;
		};
/* End PBXFrameworksBuildPhase section */

/* Begin PBXGroup section */
		2C876BA4E603B6CDFDD1BC7B /* Pods */ = {
			isa = PBXGroup;
			children = (
				EA28C4593F5A80E361BC599C /* Pods-FitHealthPlus.debug.xcconfig */,
				4A4D69B8BDAD71EB8EDBD95E /* Pods-FitHealthPlus.release.xcconfig */,
			);
			path = Pods;
			sourceTree = "<group>";
		};
		BDF34BC26DF9CB70C9D513FE /* Frameworks */ = {
			isa = PBXGroup;
			children = (
				D21D56ED2565C0240076FD4E /* HealthKit.framework */,
				E6BC0832F650901A61B61C76 /* Pods_FitHealthPlus.framework */,
			);
			name = Frameworks;
			sourceTree = "<group>";
		};
		D23058A1253CD2260013B64C /* WelcomePage */ = {
			isa = PBXGroup;
			children = (
				D23058A2253CD6780013B64C /* WelcomePageViewController.swift */,
				D23058A4253CD8540013B64C /* LoginViewController.swift */,
				D23058A6253CD8680013B64C /* SignUpViewContoller.swift */,
			);
			path = WelcomePage;
			sourceTree = "<group>";
		};
		D23058A9253CDE840013B64C /* SimpleData */ = {
			isa = PBXGroup;
			children = (
				D251DEA4254060AB006E7862 /* PantryItemList.swift */,
				D2AE1CC22567702F004A6D0A /* Friend.swift */,
			);
			path = SimpleData;
			sourceTree = "<group>";
		};
		D251DEAD25407E1E006E7862 /* Designs */ = {
			isa = PBXGroup;
			children = (
				D2DB12712540BE89005DFF65 /* StatsBar.swift */,
				D2DB12722540BE89005DFF65 /* StatsBar.xib */,
				D2DB12752540C8CE005DFF65 /* workoutCell.swift */,
				D2DB12762540C8CE005DFF65 /* workoutCell.xib */,
				D2DB127B2540DCB7005DFF65 /* FitnessGoalTableViewCell.swift */,
				D2DB127C2540DCB7005DFF65 /* FitnessGoalTableViewCell.xib */,
				D228A601254343A800D66ED3 /* RecipeDetailTableViewCell.swift */,
				D228A602254343A800D66ED3 /* RecipeDetailTableViewCell.xib */,
			);
			path = Designs;
			sourceTree = "<group>";
		};
		D2D8321B255780B600EC9EFB /* Model */ = {
			isa = PBXGroup;
			children = (
				987710C52579A50400921AC7 /* recipeAPI.swift */,
				D23058A9253CDE840013B64C /* SimpleData */,
				D29262DA255E3A330092D0B3 /* UsersData.swift */,
				D29262DD255E47730092D0B3 /* FriendsData.swift */,
				D2064A5D2562C5DC008BF665 /* FriendsNetwork.swift */,
				D29262E2256072BB0092D0B3 /* DataModel.xcdatamodeld */,
				D299192F2560A6480000DB04 /* Constants.swift */,
				D21D56EF2565CE790076FD4E /* ActivityData.swift */,
				D24D42AF2566EE2B0034EE40 /* ActivityNetwork.swift */,
				D24D42B22567059D0034EE40 /* FitGoal.swift */,
				EE4BF1412567D81500012F22 /* recipeObj.swift */,
			);
			path = Model;
			sourceTree = "<group>";
		};
		D2D8321C255780E500EC9EFB /* Controller */ = {
			isa = PBXGroup;
			children = (
				D2EA92EF253B41E000026B0E /* Pantry */,
				D2EA92ED253B41CB00026B0E /* Recipes */,
				D2EA92F0253B41E800026B0E /* Social */,
				D2EA92EE253B41D900026B0E /* Fitness */,
				D23058A1253CD2260013B64C /* WelcomePage */,
			);
			path = Controller;
			sourceTree = "<group>";
		};
		D2EA92C6253A329500026B0E = {
			isa = PBXGroup;
			children = (
				D2EA92D1253A329500026B0E /* FitHealthPlus */,
				D2EA92D0253A329500026B0E /* Products */,
				2C876BA4E603B6CDFDD1BC7B /* Pods */,
				BDF34BC26DF9CB70C9D513FE /* Frameworks */,
			);
			sourceTree = "<group>";
		};
		D2EA92D0253A329500026B0E /* Products */ = {
			isa = PBXGroup;
			children = (
				D2EA92CF253A329500026B0E /* FitHealthPlus.app */,
			);
			name = Products;
			sourceTree = "<group>";
		};
		D2EA92D1253A329500026B0E /* FitHealthPlus */ = {
			isa = PBXGroup;
			children = (
				D21D56EC2565C0230076FD4E /* FitHealthPlus.entitlements */,
				D2EA92EC253A451A00026B0E /* Views */,
				D2D8321C255780E500EC9EFB /* Controller */,
				D2D8321B255780B600EC9EFB /* Model */,
				D2EA92D2253A329500026B0E /* AppDelegate.swift */,
				D2EA92D4253A329500026B0E /* SceneDelegate.swift */,
				D2EA92DD253A329500026B0E /* Assets.xcassets */,
				D268DD022550C669000A320D /* GoogleService-Info.plist */,
				D2EA92DF253A329500026B0E /* LaunchScreen.storyboard */,
				D2EA92E2253A329500026B0E /* Info.plist */,
			);
			path = FitHealthPlus;
			sourceTree = "<group>";
		};
		D2EA92EC253A451A00026B0E /* Views */ = {
			isa = PBXGroup;
			children = (
				D251DEAD25407E1E006E7862 /* Designs */,
				D2EA92DA253A329500026B0E /* Main.storyboard */,
			);
			path = Views;
			sourceTree = "<group>";
		};
		D2EA92ED253B41CB00026B0E /* Recipes */ = {
			isa = PBXGroup;
			children = (
				9877101C2572C4F800921AC7 /* RecipeMainViewController.swift */,
				D2EA92D8253A329500026B0E /* RecipesViewController.swift */,
				D2D546252542442500EA0C1E /* AddRecipeViewController.swift */,
				D2D54627254244D800EA0C1E /* MyRecipesViewController.swift */,
				D270A09B254339C900443769 /* RecipeDetailVeiwController.swift */,
				EE4C45FF25683E1500793AA0 /* EditRecipeViewController.swift */,
				985B0334257DC74B0095C45D /* ShowRecipeDetailsViewController.swift */,
				985B033825805C910095C45D /* RecipeSearchViewController.swift */,
			);
			path = Recipes;
			sourceTree = "<group>";
		};
		D2EA92EE253B41D900026B0E /* Fitness */ = {
			isa = PBXGroup;
			children = (
				D2EA92D6253A329500026B0E /* FitnessViewController.swift */,
				D2DB12792540DBF7005DFF65 /* FitnessGoalViewController.swift */,
				D270A095254321FE00443769 /* WorkoutGuideViewController.swift */,
			);
			path = Fitness;
			sourceTree = "<group>";
		};
		D2EA92EF253B41E000026B0E /* Pantry */ = {
			isa = PBXGroup;
			children = (
				D2EA92E8253A32D800026B0E /* PantryViewController.swift */,
				98530BBE253F9C9800D93F88 /* PantryListViewController.swift */,
				98530BC0253F9F6A00D93F88 /* PantryItemShowDetailViewController.swift */,
				9816343A2540C53500546A9E /* BarcodeScannerViewController.swift */,
				9816343C2540D82D00546A9E /* EditPantryItemViewController.swift */,
			);
			path = Pantry;
			sourceTree = "<group>";
		};
		D2EA92F0253B41E800026B0E /* Social */ = {
			isa = PBXGroup;
			children = (
				D2EA92EA253A32E900026B0E /* SocialViewController.swift */,
				D230589F253CCEB30013B64C /* LeaderboardViewController.swift */,
				D23058AE253CE1060013B64C /* AddFriendViewController.swift */,
				D2912C2D253E59AC0061EC01 /* NewFriendProfileViewController.swift */,
				D26A6008253F7D4A00A21006 /* ProfileViewController.swift */,
				D2ADC576256484AD009717F9 /* CurrentUserViewController.swift */,
			);
			path = Social;
			sourceTree = "<group>";
		};
/* End PBXGroup section */

/* Begin PBXNativeTarget section */
		D2EA92CE253A329500026B0E /* FitHealthPlus */ = {
			isa = PBXNativeTarget;
			buildConfigurationList = D2EA92E5253A329500026B0E /* Build configuration list for PBXNativeTarget "FitHealthPlus" */;
			buildPhases = (
				AF180753267FBCEC8A50E1A2 /* [CP] Check Pods Manifest.lock */,
				D2EA92CB253A329500026B0E /* Sources */,
				D2EA92CC253A329500026B0E /* Frameworks */,
				D2EA92CD253A329500026B0E /* Resources */,
				0B88E5DC1E4BF828058F36D6 /* [CP] Embed Pods Frameworks */,
			);
			buildRules = (
			);
			dependencies = (
			);
			name = FitHealthPlus;
			productName = "FitHealth+";
			productReference = D2EA92CF253A329500026B0E /* FitHealthPlus.app */;
			productType = "com.apple.product-type.application";
		};
/* End PBXNativeTarget section */

/* Begin PBXProject section */
		D2EA92C7253A329500026B0E /* Project object */ = {
			isa = PBXProject;
			attributes = {
				LastSwiftUpdateCheck = 1130;
				LastUpgradeCheck = 1210;
				ORGANIZATIONNAME = "xu daitong";
				TargetAttributes = {
					D2EA92CE253A329500026B0E = {
						CreatedOnToolsVersion = 11.3.1;
					};
				};
			};
			buildConfigurationList = D2EA92CA253A329500026B0E /* Build configuration list for PBXProject "FitHealthPlus" */;
			compatibilityVersion = "Xcode 12.0";
			developmentRegion = en;
			hasScannedForEncodings = 0;
			knownRegions = (
				en,
				Base,
			);
			mainGroup = D2EA92C6253A329500026B0E;
			productRefGroup = D2EA92D0253A329500026B0E /* Products */;
			projectDirPath = "";
			projectRoot = "";
			targets = (
				D2EA92CE253A329500026B0E /* FitHealthPlus */,
			);
		};
/* End PBXProject section */

/* Begin PBXResourcesBuildPhase section */
		D2EA92CD253A329500026B0E /* Resources */ = {
			isa = PBXResourcesBuildPhase;
			buildActionMask = 2147483647;
			files = (
				D2EA92E1253A329500026B0E /* LaunchScreen.storyboard in Resources */,
				D268DD032550C669000A320D /* GoogleService-Info.plist in Resources */,
				D2DB12782540C8CE005DFF65 /* workoutCell.xib in Resources */,
				D2DB12742540BE89005DFF65 /* StatsBar.xib in Resources */,
				D2DB127E2540DCB7005DFF65 /* FitnessGoalTableViewCell.xib in Resources */,
				D2EA92DE253A329500026B0E /* Assets.xcassets in Resources */,
				D2EA92DC253A329500026B0E /* Main.storyboard in Resources */,
				D228A604254343A800D66ED3 /* RecipeDetailTableViewCell.xib in Resources */,
			);
			runOnlyForDeploymentPostprocessing = 0;
		};
/* End PBXResourcesBuildPhase section */

/* Begin PBXShellScriptBuildPhase section */
		0B88E5DC1E4BF828058F36D6 /* [CP] Embed Pods Frameworks */ = {
			isa = PBXShellScriptBuildPhase;
			buildActionMask = 2147483647;
			files = (
			);
			inputFileListPaths = (
				"${PODS_ROOT}/Target Support Files/Pods-FitHealthPlus/Pods-FitHealthPlus-frameworks-${CONFIGURATION}-input-files.xcfilelist",
			);
			name = "[CP] Embed Pods Frameworks";
			outputFileListPaths = (
				"${PODS_ROOT}/Target Support Files/Pods-FitHealthPlus/Pods-FitHealthPlus-frameworks-${CONFIGURATION}-output-files.xcfilelist",
			);
			runOnlyForDeploymentPostprocessing = 0;
			shellPath = /bin/sh;
			shellScript = "\"${PODS_ROOT}/Target Support Files/Pods-FitHealthPlus/Pods-FitHealthPlus-frameworks.sh\"\n";
			showEnvVarsInLog = 0;
		};
		AF180753267FBCEC8A50E1A2 /* [CP] Check Pods Manifest.lock */ = {
			isa = PBXShellScriptBuildPhase;
			buildActionMask = 2147483647;
			files = (
			);
			inputFileListPaths = (
			);
			inputPaths = (
				"${PODS_PODFILE_DIR_PATH}/Podfile.lock",
				"${PODS_ROOT}/Manifest.lock",
			);
			name = "[CP] Check Pods Manifest.lock";
			outputFileListPaths = (
			);
			outputPaths = (
				"$(DERIVED_FILE_DIR)/Pods-FitHealthPlus-checkManifestLockResult.txt",
			);
			runOnlyForDeploymentPostprocessing = 0;
			shellPath = /bin/sh;
			shellScript = "diff \"${PODS_PODFILE_DIR_PATH}/Podfile.lock\" \"${PODS_ROOT}/Manifest.lock\" > /dev/null\nif [ $? != 0 ] ; then\n    # print error to STDERR\n    echo \"error: The sandbox is not in sync with the Podfile.lock. Run 'pod install' or update your CocoaPods installation.\" >&2\n    exit 1\nfi\n# This output is used by Xcode 'outputs' to avoid re-running this script phase.\necho \"SUCCESS\" > \"${SCRIPT_OUTPUT_FILE_0}\"\n";
			showEnvVarsInLog = 0;
		};
/* End PBXShellScriptBuildPhase section */

/* Begin PBXSourcesBuildPhase section */
		D2EA92CB253A329500026B0E /* Sources */ = {
			isa = PBXSourcesBuildPhase;
			buildActionMask = 2147483647;
			files = (
				D2EA92EB253A32E900026B0E /* SocialViewController.swift in Sources */,
				D29919302560A6480000DB04 /* Constants.swift in Sources */,
				D2912C2E253E59AC0061EC01 /* NewFriendProfileViewController.swift in Sources */,
				D2DB127D2540DCB7005DFF65 /* FitnessGoalTableViewCell.swift in Sources */,
				D2064A5E2562C5DC008BF665 /* FriendsNetwork.swift in Sources */,
				D2EA92D9253A329500026B0E /* RecipesViewController.swift in Sources */,
				D2EA92D7253A329500026B0E /* FitnessViewController.swift in Sources */,
				D270A09C254339C900443769 /* RecipeDetailVeiwController.swift in Sources */,
				D23058A3253CD6780013B64C /* WelcomePageViewController.swift in Sources */,
				EE4BF1422567D81500012F22 /* recipeObj.swift in Sources */,
				D26A6009253F7D4A00A21006 /* ProfileViewController.swift in Sources */,
				98530BBF253F9C9800D93F88 /* PantryListViewController.swift in Sources */,
				D24D42B32567059D0034EE40 /* FitGoal.swift in Sources */,
				9816343D2540D82D00546A9E /* EditPantryItemViewController.swift in Sources */,
				9816343B2540C53500546A9E /* BarcodeScannerViewController.swift in Sources */,
				D2EA92E9253A32D800026B0E /* PantryViewController.swift in Sources */,
				D2EA92D3253A329500026B0E /* AppDelegate.swift in Sources */,
				D2AE1CC32567702F004A6D0A /* Friend.swift in Sources */,
				D23058A0253CCEB30013B64C /* LeaderboardViewController.swift in Sources */,
				D270A096254321FE00443769 /* WorkoutGuideViewController.swift in Sources */,
				D2ADC577256484AD009717F9 /* CurrentUserViewController.swift in Sources */,
				D23058A5253CD8540013B64C /* LoginViewController.swift in Sources */,
				D2D546262542442500EA0C1E /* AddRecipeViewController.swift in Sources */,
				D2DB12772540C8CE005DFF65 /* workoutCell.swift in Sources */,
				D29262E4256072BB0092D0B3 /* DataModel.xcdatamodeld in Sources */,
				D2EA92D5253A329500026B0E /* SceneDelegate.swift in Sources */,
				985B0335257DC74B0095C45D /* ShowRecipeDetailsViewController.swift in Sources */,
				D29262DB255E3A330092D0B3 /* UsersData.swift in Sources */,
				D24D42B02566EE2B0034EE40 /* ActivityNetwork.swift in Sources */,
				D2DB127A2540DBF7005DFF65 /* FitnessGoalViewController.swift in Sources */,
				9877101D2572C4F800921AC7 /* RecipeMainViewController.swift in Sources */,
				D23058A7253CD8680013B64C /* SignUpViewContoller.swift in Sources */,
				D251DEA5254060AB006E7862 /* PantryItemList.swift in Sources */,
				D2D54628254244D800EA0C1E /* MyRecipesViewController.swift in Sources */,
				D21D56F02565CE790076FD4E /* ActivityData.swift in Sources */,
				D2DB12732540BE89005DFF65 /* StatsBar.swift in Sources */,
				98530BC1253F9F6A00D93F88 /* PantryItemShowDetailViewController.swift in Sources */,
				D228A603254343A800D66ED3 /* RecipeDetailTableViewCell.swift in Sources */,
				EE4C460025683E1500793AA0 /* EditRecipeViewController.swift in Sources */,
				985B033925805C910095C45D /* RecipeSearchViewController.swift in Sources */,
				987710C62579A50400921AC7 /* recipeAPI.swift in Sources */,
				D23058AF253CE1060013B64C /* AddFriendViewController.swift in Sources */,
				D29262DE255E47730092D0B3 /* FriendsData.swift in Sources */,
			);
			runOnlyForDeploymentPostprocessing = 0;
		};
/* End PBXSourcesBuildPhase section */

/* Begin PBXVariantGroup section */
		D2EA92DA253A329500026B0E /* Main.storyboard */ = {
			isa = PBXVariantGroup;
			children = (
				D2EA92DB253A329500026B0E /* Base */,
			);
			name = Main.storyboard;
			sourceTree = "<group>";
		};
		D2EA92DF253A329500026B0E /* LaunchScreen.storyboard */ = {
			isa = PBXVariantGroup;
			children = (
				D2EA92E0253A329500026B0E /* Base */,
			);
			name = LaunchScreen.storyboard;
			sourceTree = "<group>";
		};
/* End PBXVariantGroup section */

/* Begin XCBuildConfiguration section */
		D2EA92E3253A329500026B0E /* Debug */ = {
			isa = XCBuildConfiguration;
			buildSettings = {
				ALWAYS_SEARCH_USER_PATHS = NO;
				CLANG_ANALYZER_NONNULL = YES;
				CLANG_ANALYZER_NUMBER_OBJECT_CONVERSION = YES_AGGRESSIVE;
				CLANG_CXX_LANGUAGE_STANDARD = "gnu++14";
				CLANG_CXX_LIBRARY = "libc++";
				CLANG_ENABLE_MODULES = YES;
				CLANG_ENABLE_OBJC_ARC = YES;
				CLANG_ENABLE_OBJC_WEAK = YES;
				CLANG_WARN_BLOCK_CAPTURE_AUTORELEASING = YES;
				CLANG_WARN_BOOL_CONVERSION = YES;
				CLANG_WARN_COMMA = YES;
				CLANG_WARN_CONSTANT_CONVERSION = YES;
				CLANG_WARN_DEPRECATED_OBJC_IMPLEMENTATIONS = YES;
				CLANG_WARN_DIRECT_OBJC_ISA_USAGE = YES_ERROR;
				CLANG_WARN_DOCUMENTATION_COMMENTS = YES;
				CLANG_WARN_EMPTY_BODY = YES;
				CLANG_WARN_ENUM_CONVERSION = YES;
				CLANG_WARN_INFINITE_RECURSION = YES;
				CLANG_WARN_INT_CONVERSION = YES;
				CLANG_WARN_NON_LITERAL_NULL_CONVERSION = YES;
				CLANG_WARN_OBJC_IMPLICIT_RETAIN_SELF = YES;
				CLANG_WARN_OBJC_LITERAL_CONVERSION = YES;
				CLANG_WARN_OBJC_ROOT_CLASS = YES_ERROR;
				CLANG_WARN_QUOTED_INCLUDE_IN_FRAMEWORK_HEADER = YES;
				CLANG_WARN_RANGE_LOOP_ANALYSIS = YES;
				CLANG_WARN_STRICT_PROTOTYPES = YES;
				CLANG_WARN_SUSPICIOUS_MOVE = YES;
				CLANG_WARN_UNGUARDED_AVAILABILITY = YES_AGGRESSIVE;
				CLANG_WARN_UNREACHABLE_CODE = YES;
				CLANG_WARN__DUPLICATE_METHOD_MATCH = YES;
				COPY_PHASE_STRIP = NO;
				DEBUG_INFORMATION_FORMAT = dwarf;
				ENABLE_STRICT_OBJC_MSGSEND = YES;
				ENABLE_TESTABILITY = YES;
				GCC_C_LANGUAGE_STANDARD = gnu11;
				GCC_DYNAMIC_NO_PIC = NO;
				GCC_NO_COMMON_BLOCKS = YES;
				GCC_OPTIMIZATION_LEVEL = 0;
				GCC_PREPROCESSOR_DEFINITIONS = (
					"DEBUG=1",
					"$(inherited)",
				);
				GCC_WARN_64_TO_32_BIT_CONVERSION = YES;
				GCC_WARN_ABOUT_RETURN_TYPE = YES_ERROR;
				GCC_WARN_UNDECLARED_SELECTOR = YES;
				GCC_WARN_UNINITIALIZED_AUTOS = YES_AGGRESSIVE;
				GCC_WARN_UNUSED_FUNCTION = YES;
				GCC_WARN_UNUSED_VARIABLE = YES;
				IPHONEOS_DEPLOYMENT_TARGET = 14.1;
				MTL_ENABLE_DEBUG_INFO = INCLUDE_SOURCE;
				MTL_FAST_MATH = YES;
				ONLY_ACTIVE_ARCH = YES;
				SDKROOT = iphoneos;
				SWIFT_ACTIVE_COMPILATION_CONDITIONS = DEBUG;
				SWIFT_OPTIMIZATION_LEVEL = "-Onone";
			};
			name = Debug;
		};
		D2EA92E4253A329500026B0E /* Release */ = {
			isa = XCBuildConfiguration;
			buildSettings = {
				ALWAYS_SEARCH_USER_PATHS = NO;
				CLANG_ANALYZER_NONNULL = YES;
				CLANG_ANALYZER_NUMBER_OBJECT_CONVERSION = YES_AGGRESSIVE;
				CLANG_CXX_LANGUAGE_STANDARD = "gnu++14";
				CLANG_CXX_LIBRARY = "libc++";
				CLANG_ENABLE_MODULES = YES;
				CLANG_ENABLE_OBJC_ARC = YES;
				CLANG_ENABLE_OBJC_WEAK = YES;
				CLANG_WARN_BLOCK_CAPTURE_AUTORELEASING = YES;
				CLANG_WARN_BOOL_CONVERSION = YES;
				CLANG_WARN_COMMA = YES;
				CLANG_WARN_CONSTANT_CONVERSION = YES;
				CLANG_WARN_DEPRECATED_OBJC_IMPLEMENTATIONS = YES;
				CLANG_WARN_DIRECT_OBJC_ISA_USAGE = YES_ERROR;
				CLANG_WARN_DOCUMENTATION_COMMENTS = YES;
				CLANG_WARN_EMPTY_BODY = YES;
				CLANG_WARN_ENUM_CONVERSION = YES;
				CLANG_WARN_INFINITE_RECURSION = YES;
				CLANG_WARN_INT_CONVERSION = YES;
				CLANG_WARN_NON_LITERAL_NULL_CONVERSION = YES;
				CLANG_WARN_OBJC_IMPLICIT_RETAIN_SELF = YES;
				CLANG_WARN_OBJC_LITERAL_CONVERSION = YES;
				CLANG_WARN_OBJC_ROOT_CLASS = YES_ERROR;
				CLANG_WARN_QUOTED_INCLUDE_IN_FRAMEWORK_HEADER = YES;
				CLANG_WARN_RANGE_LOOP_ANALYSIS = YES;
				CLANG_WARN_STRICT_PROTOTYPES = YES;
				CLANG_WARN_SUSPICIOUS_MOVE = YES;
				CLANG_WARN_UNGUARDED_AVAILABILITY = YES_AGGRESSIVE;
				CLANG_WARN_UNREACHABLE_CODE = YES;
				CLANG_WARN__DUPLICATE_METHOD_MATCH = YES;
				COPY_PHASE_STRIP = NO;
				DEBUG_INFORMATION_FORMAT = "dwarf-with-dsym";
				ENABLE_NS_ASSERTIONS = NO;
				ENABLE_STRICT_OBJC_MSGSEND = YES;
				GCC_C_LANGUAGE_STANDARD = gnu11;
				GCC_NO_COMMON_BLOCKS = YES;
				GCC_WARN_64_TO_32_BIT_CONVERSION = YES;
				GCC_WARN_ABOUT_RETURN_TYPE = YES_ERROR;
				GCC_WARN_UNDECLARED_SELECTOR = YES;
				GCC_WARN_UNINITIALIZED_AUTOS = YES_AGGRESSIVE;
				GCC_WARN_UNUSED_FUNCTION = YES;
				GCC_WARN_UNUSED_VARIABLE = YES;
				IPHONEOS_DEPLOYMENT_TARGET = 14.1;
				MTL_ENABLE_DEBUG_INFO = NO;
				MTL_FAST_MATH = YES;
				SDKROOT = iphoneos;
				SWIFT_COMPILATION_MODE = wholemodule;
				SWIFT_OPTIMIZATION_LEVEL = "-O";
				VALIDATE_PRODUCT = YES;
			};
			name = Release;
		};
		D2EA92E6253A329500026B0E /* Debug */ = {
			isa = XCBuildConfiguration;
			baseConfigurationReference = EA28C4593F5A80E361BC599C /* Pods-FitHealthPlus.debug.xcconfig */;
			buildSettings = {
				ASSETCATALOG_COMPILER_APPICON_NAME = AppIcon;
				CODE_SIGN_ENTITLEMENTS = FitHealthPlus/FitHealthPlus.entitlements;
				CODE_SIGN_STYLE = Automatic;
				DEVELOPMENT_TEAM = HB95WRYDFW;
				INFOPLIST_FILE = FitHealthPlus/Info.plist;
				LD_RUNPATH_SEARCH_PATHS = (
					"$(inherited)",
					"@executable_path/Frameworks",
				);
				PRODUCT_BUNDLE_IDENTIFIER = com.daitongxu.FitHealthPlus;
				PRODUCT_NAME = "$(TARGET_NAME)";
				SWIFT_VERSION = 5.0;
				TARGETED_DEVICE_FAMILY = 1;
			};
			name = Debug;
		};
		D2EA92E7253A329500026B0E /* Release */ = {
			isa = XCBuildConfiguration;
			baseConfigurationReference = 4A4D69B8BDAD71EB8EDBD95E /* Pods-FitHealthPlus.release.xcconfig */;
			buildSettings = {
				ASSETCATALOG_COMPILER_APPICON_NAME = AppIcon;
				CODE_SIGN_ENTITLEMENTS = FitHealthPlus/FitHealthPlus.entitlements;
				CODE_SIGN_STYLE = Automatic;
				DEVELOPMENT_TEAM = HB95WRYDFW;
				INFOPLIST_FILE = FitHealthPlus/Info.plist;
				LD_RUNPATH_SEARCH_PATHS = (
					"$(inherited)",
					"@executable_path/Frameworks",
				);
				PRODUCT_BUNDLE_IDENTIFIER = com.daitongxu.FitHealthPlus;
				PRODUCT_NAME = "$(TARGET_NAME)";
				SWIFT_VERSION = 5.0;
				TARGETED_DEVICE_FAMILY = 1;
			};
			name = Release;
		};
/* End XCBuildConfiguration section */

/* Begin XCConfigurationList section */
		D2EA92CA253A329500026B0E /* Build configuration list for PBXProject "FitHealthPlus" */ = {
			isa = XCConfigurationList;
			buildConfigurations = (
				D2EA92E3253A329500026B0E /* Debug */,
				D2EA92E4253A329500026B0E /* Release */,
			);
			defaultConfigurationIsVisible = 0;
			defaultConfigurationName = Release;
		};
		D2EA92E5253A329500026B0E /* Build configuration list for PBXNativeTarget "FitHealthPlus" */ = {
			isa = XCConfigurationList;
			buildConfigurations = (
				D2EA92E6253A329500026B0E /* Debug */,
				D2EA92E7253A329500026B0E /* Release */,
			);
			defaultConfigurationIsVisible = 0;
			defaultConfigurationName = Release;
		};
/* End XCConfigurationList section */

/* Begin XCVersionGroup section */
		D29262E2256072BB0092D0B3 /* DataModel.xcdatamodeld */ = {
			isa = XCVersionGroup;
			children = (
				D29262E3256072BB0092D0B3 /* DataModel.xcdatamodel */,
			);
			currentVersion = D29262E3256072BB0092D0B3 /* DataModel.xcdatamodel */;
			path = DataModel.xcdatamodeld;
			sourceTree = "<group>";
			versionGroupType = wrapper.xcdatamodel;
		};
/* End XCVersionGroup section */
	};
	rootObject = D2EA92C7253A329500026B0E /* Project object */;
}
